
Microsoft Visual Studio Solution File, Format Version 12.00
# Visual Studio Version 16
VisualStudioVersion = 16.0.29519.87
MinimumVisualStudioVersion = 10.0.40219.1
Project("{FAE04EC0-301F-11D3-BF4B-00C04F79EFBC}") = "UserAuth", "UserAuth\UserAuth.csproj", "{028244E6-644D-49D4-B085-630D3755A7E5}"
EndProject
Global
	GlobalSection(SolutionConfigurationPlatforms) = preSolution
		Debug|Any CPU = Debug|Any CPU
		Release|Any CPU = Release|Any CPU
	EndGlobalSection
	GlobalSection(ProjectConfigurationPlatforms) = postSolution
		{028244E6-644D-49D4-B085-630D3755A7E5}.Debug|Any CPU.ActiveCfg = Debug|Any CPU
		{028244E6-644D-49D4-B085-630D3755A7E5}.Debug|Any CPU.Build.0 = Debug|Any CPU
		{028244E6-644D-49D4-B085-630D3755A7E5}.Release|Any CPU.ActiveCfg = Release|Any CPU
		{028244E6-644D-49D4-B085-630D3755A7E5}.Release|Any CPU.Build.0 = Release|Any CPU
	EndGlobalSection
	GlobalSection(SolutionProperties) = preSolution
		HideSolutionNode = FALSE
	EndGlobalSection
	GlobalSection(ExtensibilityGlobals) = postSolution
		SolutionGuid = {C71F11BB-1247-4C57-8BF1-CA1EC596BDC0}
	EndGlobalSection
EndGlobal
